
Microsoft Visual Studio Solution File, Format Version 12.00
# Visual Studio Version 17
VisualStudioVersion = 17.9.34607.119
MinimumVisualStudioVersion = 10.0.40219.1
Project("{FAE04EC0-301F-11D3-BF4B-00C04F79EFBC}") = "Promotion-POC", "Promotion-POC\Promotion-POC.csproj", "{304315FC-455B-47FB-B4B2-EEB3CF20B4C7}"
EndProject
Global
	GlobalSection(SolutionConfigurationPlatforms) = preSolution
		Debug|Any CPU = Debug|Any CPU
		Release|Any CPU = Release|Any CPU
	EndGlobalSection
	GlobalSection(ProjectConfigurationPlatforms) = postSolution
		{304315FC-455B-47FB-B4B2-EEB3CF20B4C7}.Debug|Any CPU.ActiveCfg = Debug|Any CPU
		{304315FC-455B-47FB-B4B2-EEB3CF20B4C7}.Debug|Any CPU.Build.0 = Debug|Any CPU
		{304315FC-455B-47FB-B4B2-EEB3CF20B4C7}.Release|Any CPU.ActiveCfg = Release|Any CPU
		{304315FC-455B-47FB-B4B2-EEB3CF20B4C7}.Release|Any CPU.Build.0 = Release|Any CPU
	EndGlobalSection
	GlobalSection(SolutionProperties) = preSolution
		HideSolutionNode = FALSE
	EndGlobalSection
	GlobalSection(ExtensibilityGlobals) = postSolution
		SolutionGuid = {7FC40DB5-A417-46C1-9382-74A43E2E92C7}
	EndGlobalSection
EndGlobal
